
Microsoft Visual Studio Solution File, Format Version 12.00
# Visual Studio Version 17
VisualStudioVersion = 17.14.36212.18 d17.14
MinimumVisualStudioVersion = 10.0.40219.1
Project("{FAE04EC0-301F-11D3-BF4B-00C04F79EFBC}") = "SmartAlamSystem", "SmartAlamSystem\SmartAlamSystem.csproj", "{F057D711-7028-4151-85FA-434450022CB9}"
EndProject
Global
	GlobalSection(SolutionConfigurationPlatforms) = preSolution
		Debug|Any CPU = Debug|Any CPU
		Release|Any CPU = Release|Any CPU
	EndGlobalSection
	GlobalSection(ProjectConfigurationPlatforms) = postSolution
		{F057D711-7028-4151-85FA-434450022CB9}.Debug|Any CPU.ActiveCfg = Debug|Any CPU
		{F057D711-7028-4151-85FA-434450022CB9}.Debug|Any CPU.Build.0 = Debug|Any CPU
		{F057D711-7028-4151-85FA-434450022CB9}.Release|Any CPU.ActiveCfg = Release|Any CPU
		{F057D711-7028-4151-85FA-434450022CB9}.Release|Any CPU.Build.0 = Release|Any CPU
	EndGlobalSection
	GlobalSection(SolutionProperties) = preSolution
		HideSolutionNode = FALSE
	EndGlobalSection
	GlobalSection(ExtensibilityGlobals) = postSolution
		SolutionGuid = {65D737B0-C0FC-4108-AF89-726D10AFF381}
	EndGlobalSection
EndGlobal
